
Microsoft Visual Studio Solution File, Format Version 12.00
# Visual Studio 11 Express for Windows 8
Project("{262852C6-CD72-467D-83FE-5EEB1973A190}") = "SimpleXhr", "SimpleXhr\SimpleXhr.jsproj", "{F4C71F2C-6D42-4CB9-83A3-2934684A7567}"
EndProject
Global
	GlobalSection(SolutionConfigurationPlatforms) = preSolution
		Debug|ARM = Debug|ARM
		Debug|Any CPU = Debug|Any CPU
		Debug|x64 = Debug|x64
		Debug|x86 = Debug|x86
		Release|ARM = Release|ARM
		Release|Any CPU = Release|Any CPU
		Release|x64 = Release|x64
		Release|x86 = Release|x86
	EndGlobalSection
	GlobalSection(ProjectConfigurationPlatforms) = postSolution
		{F4C71F2C-6D42-4CB9-83A3-2934684A7567}.Debug|ARM.ActiveCfg = Debug|ARM
		{F4C71F2C-6D42-4CB9-83A3-2934684A7567}.Debug|ARM.Build.0 = Debug|ARM
		{F4C71F2C-6D42-4CB9-83A3-2934684A7567}.Debug|ARM.Deploy.0 = Debug|ARM
		{F4C71F2C-6D42-4CB9-83A3-2934684A7567}.Debug|Any CPU.ActiveCfg = Debug|Any CPU
		{F4C71F2C-6D42-4CB9-83A3-2934684A7567}.Debug|Any CPU.Build.0 = Debug|Any CPU
		{F4C71F2C-6D42-4CB9-83A3-2934684A7567}.Debug|Any CPU.Deploy.0 = Debug|Any CPU
		{F4C71F2C-6D42-4CB9-83A3-2934684A7567}.Debug|x64.ActiveCfg = Debug|x64
		{F4C71F2C-6D42-4CB9-83A3-2934684A7567}.Debug|x64.Build.0 = Debug|x64
		{F4C71F2C-6D42-4CB9-83A3-2934684A7567}.Debug|x64.Deploy.0 = Debug|x64
		{F4C71F2C-6D42-4CB9-83A3-2934684A7567}.Debug|x86.ActiveCfg = Debug|x86
		{F4C71F2C-6D42-4CB9-83A3-2934684A7567}.Debug|x86.Build.0 = Debug|x86
		{F4C71F2C-6D42-4CB9-83A3-2934684A7567}.Debug|x86.Deploy.0 = Debug|x86
		{F4C71F2C-6D42-4CB9-83A3-2934684A7567}.Release|ARM.ActiveCfg = Release|ARM
		{F4C71F2C-6D42-4CB9-83A3-2934684A7567}.Release|ARM.Build.0 = Release|ARM
		{F4C71F2C-6D42-4CB9-83A3-2934684A7567}.Release|ARM.Deploy.0 = Release|ARM
		{F4C71F2C-6D42-4CB9-83A3-2934684A7567}.Release|Any CPU.ActiveCfg = Release|Any CPU
		{F4C71F2C-6D42-4CB9-83A3-2934684A7567}.Release|Any CPU.Build.0 = Release|Any CPU
		{F4C71F2C-6D42-4CB9-83A3-2934684A7567}.Release|Any CPU.Deploy.0 = Release|Any CPU
		{F4C71F2C-6D42-4CB9-83A3-2934684A7567}.Release|x64.ActiveCfg = Release|x64
		{F4C71F2C-6D42-4CB9-83A3-2934684A7567}.Release|x64.Build.0 = Release|x64
		{F4C71F2C-6D42-4CB9-83A3-2934684A7567}.Release|x64.Deploy.0 = Release|x64
		{F4C71F2C-6D42-4CB9-83A3-2934684A7567}.Release|x86.ActiveCfg = Release|x86
		{F4C71F2C-6D42-4CB9-83A3-2934684A7567}.Release|x86.Build.0 = Release|x86
		{F4C71F2C-6D42-4CB9-83A3-2934684A7567}.Release|x86.Deploy.0 = Release|x86
	EndGlobalSection
	GlobalSection(SolutionProperties) = preSolution
		HideSolutionNode = FALSE
	EndGlobalSection
EndGlobal
