
Microsoft Visual Studio Solution File, Format Version 12.00
# Visual Studio Express 2012 for Windows 8
Project("{262852C6-CD72-467D-83FE-5EEB1973A190}") = "HereMyAm17", "HereMyAm17\HereMyAm17.jsproj", "{8139D050-2AEB-4540-9678-C2CF38939DEB}"
EndProject
Project("{FAE04EC0-301F-11D3-BF4B-00C04F79EFBC}") = "NotificationsExtensions", "NotificationsExtensions\NotificationsExtensions.csproj", "{6E87464B-B064-40CA-8161-7C18C337ADFF}"
EndProject
Project("{FAE04EC0-301F-11D3-BF4B-00C04F79EFBC}") = "Utilities", "Utilities\Utilities.csproj", "{DAB731A3-7F49-423D-8A4A-CD83F313240D}"
EndProject
Global
	GlobalSection(SolutionConfigurationPlatforms) = preSolution
		Debug|Any CPU = Debug|Any CPU
		Debug|ARM = Debug|ARM
		Debug|Mixed Platforms = Debug|Mixed Platforms
		Debug|Win32 = Debug|Win32
		Debug|x64 = Debug|x64
		Debug|x86 = Debug|x86
		Release|Any CPU = Release|Any CPU
		Release|ARM = Release|ARM
		Release|Mixed Platforms = Release|Mixed Platforms
		Release|Win32 = Release|Win32
		Release|x64 = Release|x64
		Release|x86 = Release|x86
	EndGlobalSection
	GlobalSection(ProjectConfigurationPlatforms) = postSolution
		{8139D050-2AEB-4540-9678-C2CF38939DEB}.Debug|Any CPU.ActiveCfg = Debug|Any CPU
		{8139D050-2AEB-4540-9678-C2CF38939DEB}.Debug|Any CPU.Build.0 = Debug|Any CPU
		{8139D050-2AEB-4540-9678-C2CF38939DEB}.Debug|Any CPU.Deploy.0 = Debug|Any CPU
		{8139D050-2AEB-4540-9678-C2CF38939DEB}.Debug|ARM.ActiveCfg = Debug|ARM
		{8139D050-2AEB-4540-9678-C2CF38939DEB}.Debug|ARM.Build.0 = Debug|ARM
		{8139D050-2AEB-4540-9678-C2CF38939DEB}.Debug|ARM.Deploy.0 = Debug|ARM
		{8139D050-2AEB-4540-9678-C2CF38939DEB}.Debug|Mixed Platforms.ActiveCfg = Debug|x86
		{8139D050-2AEB-4540-9678-C2CF38939DEB}.Debug|Mixed Platforms.Build.0 = Debug|x86
		{8139D050-2AEB-4540-9678-C2CF38939DEB}.Debug|Mixed Platforms.Deploy.0 = Debug|x86
		{8139D050-2AEB-4540-9678-C2CF38939DEB}.Debug|Win32.ActiveCfg = Debug|x86
		{8139D050-2AEB-4540-9678-C2CF38939DEB}.Debug|Win32.Build.0 = Debug|x86
		{8139D050-2AEB-4540-9678-C2CF38939DEB}.Debug|Win32.Deploy.0 = Debug|x86
		{8139D050-2AEB-4540-9678-C2CF38939DEB}.Debug|x64.ActiveCfg = Debug|x64
		{8139D050-2AEB-4540-9678-C2CF38939DEB}.Debug|x64.Build.0 = Debug|x64
		{8139D050-2AEB-4540-9678-C2CF38939DEB}.Debug|x64.Deploy.0 = Debug|x64
		{8139D050-2AEB-4540-9678-C2CF38939DEB}.Debug|x86.ActiveCfg = Debug|x86
		{8139D050-2AEB-4540-9678-C2CF38939DEB}.Debug|x86.Build.0 = Debug|x86
		{8139D050-2AEB-4540-9678-C2CF38939DEB}.Debug|x86.Deploy.0 = Debug|x86
		{8139D050-2AEB-4540-9678-C2CF38939DEB}.Release|Any CPU.ActiveCfg = Release|Any CPU
		{8139D050-2AEB-4540-9678-C2CF38939DEB}.Release|Any CPU.Build.0 = Release|Any CPU
		{8139D050-2AEB-4540-9678-C2CF38939DEB}.Release|Any CPU.Deploy.0 = Release|Any CPU
		{8139D050-2AEB-4540-9678-C2CF38939DEB}.Release|ARM.ActiveCfg = Release|ARM
		{8139D050-2AEB-4540-9678-C2CF38939DEB}.Release|ARM.Build.0 = Release|ARM
		{8139D050-2AEB-4540-9678-C2CF38939DEB}.Release|ARM.Deploy.0 = Release|ARM
		{8139D050-2AEB-4540-9678-C2CF38939DEB}.Release|Mixed Platforms.ActiveCfg = Release|x86
		{8139D050-2AEB-4540-9678-C2CF38939DEB}.Release|Mixed Platforms.Build.0 = Release|x86
		{8139D050-2AEB-4540-9678-C2CF38939DEB}.Release|Mixed Platforms.Deploy.0 = Release|x86
		{8139D050-2AEB-4540-9678-C2CF38939DEB}.Release|Win32.ActiveCfg = Release|x86
		{8139D050-2AEB-4540-9678-C2CF38939DEB}.Release|Win32.Build.0 = Release|x86
		{8139D050-2AEB-4540-9678-C2CF38939DEB}.Release|Win32.Deploy.0 = Release|x86
		{8139D050-2AEB-4540-9678-C2CF38939DEB}.Release|x64.ActiveCfg = Release|x64
		{8139D050-2AEB-4540-9678-C2CF38939DEB}.Release|x64.Build.0 = Release|x64
		{8139D050-2AEB-4540-9678-C2CF38939DEB}.Release|x64.Deploy.0 = Release|x64
		{8139D050-2AEB-4540-9678-C2CF38939DEB}.Release|x86.ActiveCfg = Release|x86
		{8139D050-2AEB-4540-9678-C2CF38939DEB}.Release|x86.Build.0 = Release|x86
		{8139D050-2AEB-4540-9678-C2CF38939DEB}.Release|x86.Deploy.0 = Release|x86
		{6E87464B-B064-40CA-8161-7C18C337ADFF}.Debug|Any CPU.ActiveCfg = Debug|Any CPU
		{6E87464B-B064-40CA-8161-7C18C337ADFF}.Debug|Any CPU.Build.0 = Debug|Any CPU
		{6E87464B-B064-40CA-8161-7C18C337ADFF}.Debug|ARM.ActiveCfg = Debug|ARM
		{6E87464B-B064-40CA-8161-7C18C337ADFF}.Debug|ARM.Build.0 = Debug|ARM
		{6E87464B-B064-40CA-8161-7C18C337ADFF}.Debug|Mixed Platforms.ActiveCfg = Debug|x86
		{6E87464B-B064-40CA-8161-7C18C337ADFF}.Debug|Mixed Platforms.Build.0 = Debug|x86
		{6E87464B-B064-40CA-8161-7C18C337ADFF}.Debug|Win32.ActiveCfg = Debug|Win32
		{6E87464B-B064-40CA-8161-7C18C337ADFF}.Debug|Win32.Build.0 = Debug|Win32
		{6E87464B-B064-40CA-8161-7C18C337ADFF}.Debug|x64.ActiveCfg = Debug|x64
		{6E87464B-B064-40CA-8161-7C18C337ADFF}.Debug|x64.Build.0 = Debug|x64
		{6E87464B-B064-40CA-8161-7C18C337ADFF}.Debug|x86.ActiveCfg = Debug|x86
		{6E87464B-B064-40CA-8161-7C18C337ADFF}.Debug|x86.Build.0 = Debug|x86
		{6E87464B-B064-40CA-8161-7C18C337ADFF}.Release|Any CPU.ActiveCfg = Release|Any CPU
		{6E87464B-B064-40CA-8161-7C18C337ADFF}.Release|Any CPU.Build.0 = Release|Any CPU
		{6E87464B-B064-40CA-8161-7C18C337ADFF}.Release|ARM.ActiveCfg = Release|ARM
		{6E87464B-B064-40CA-8161-7C18C337ADFF}.Release|ARM.Build.0 = Release|ARM
		{6E87464B-B064-40CA-8161-7C18C337ADFF}.Release|Mixed Platforms.ActiveCfg = Release|x86
		{6E87464B-B064-40CA-8161-7C18C337ADFF}.Release|Mixed Platforms.Build.0 = Release|x86
		{6E87464B-B064-40CA-8161-7C18C337ADFF}.Release|Win32.ActiveCfg = Release|Win32
		{6E87464B-B064-40CA-8161-7C18C337ADFF}.Release|Win32.Build.0 = Release|Win32
		{6E87464B-B064-40CA-8161-7C18C337ADFF}.Release|x64.ActiveCfg = Release|x64
		{6E87464B-B064-40CA-8161-7C18C337ADFF}.Release|x64.Build.0 = Release|x64
		{6E87464B-B064-40CA-8161-7C18C337ADFF}.Release|x86.ActiveCfg = Release|x86
		{6E87464B-B064-40CA-8161-7C18C337ADFF}.Release|x86.Build.0 = Release|x86
		{DAB731A3-7F49-423D-8A4A-CD83F313240D}.Debug|Any CPU.ActiveCfg = Debug|Any CPU
		{DAB731A3-7F49-423D-8A4A-CD83F313240D}.Debug|Any CPU.Build.0 = Debug|Any CPU
		{DAB731A3-7F49-423D-8A4A-CD83F313240D}.Debug|ARM.ActiveCfg = Debug|ARM
		{DAB731A3-7F49-423D-8A4A-CD83F313240D}.Debug|ARM.Build.0 = Debug|ARM
		{DAB731A3-7F49-423D-8A4A-CD83F313240D}.Debug|Mixed Platforms.ActiveCfg = Debug|x86
		{DAB731A3-7F49-423D-8A4A-CD83F313240D}.Debug|Mixed Platforms.Build.0 = Debug|x86
		{DAB731A3-7F49-423D-8A4A-CD83F313240D}.Debug|Win32.ActiveCfg = Debug|x86
		{DAB731A3-7F49-423D-8A4A-CD83F313240D}.Debug|Win32.Build.0 = Debug|x86
		{DAB731A3-7F49-423D-8A4A-CD83F313240D}.Debug|x64.ActiveCfg = Debug|x64
		{DAB731A3-7F49-423D-8A4A-CD83F313240D}.Debug|x64.Build.0 = Debug|x64
		{DAB731A3-7F49-423D-8A4A-CD83F313240D}.Debug|x86.ActiveCfg = Debug|x86
		{DAB731A3-7F49-423D-8A4A-CD83F313240D}.Debug|x86.Build.0 = Debug|x86
		{DAB731A3-7F49-423D-8A4A-CD83F313240D}.Release|Any CPU.ActiveCfg = Release|Any CPU
		{DAB731A3-7F49-423D-8A4A-CD83F313240D}.Release|Any CPU.Build.0 = Release|Any CPU
		{DAB731A3-7F49-423D-8A4A-CD83F313240D}.Release|ARM.ActiveCfg = Release|ARM
		{DAB731A3-7F49-423D-8A4A-CD83F313240D}.Release|ARM.Build.0 = Release|ARM
		{DAB731A3-7F49-423D-8A4A-CD83F313240D}.Release|Mixed Platforms.ActiveCfg = Release|x86
		{DAB731A3-7F49-423D-8A4A-CD83F313240D}.Release|Mixed Platforms.Build.0 = Release|x86
		{DAB731A3-7F49-423D-8A4A-CD83F313240D}.Release|Win32.ActiveCfg = Release|x86
		{DAB731A3-7F49-423D-8A4A-CD83F313240D}.Release|Win32.Build.0 = Release|x86
		{DAB731A3-7F49-423D-8A4A-CD83F313240D}.Release|x64.ActiveCfg = Release|x64
		{DAB731A3-7F49-423D-8A4A-CD83F313240D}.Release|x64.Build.0 = Release|x64
		{DAB731A3-7F49-423D-8A4A-CD83F313240D}.Release|x86.ActiveCfg = Release|x86
		{DAB731A3-7F49-423D-8A4A-CD83F313240D}.Release|x86.Build.0 = Release|x86
	EndGlobalSection
	GlobalSection(SolutionProperties) = preSolution
		HideSolutionNode = FALSE
	EndGlobalSection
EndGlobal
